
Microsoft Visual Studio Solution File, Format Version 12.00
# Visual Studio Version 16
VisualStudioVersion = 25.0.1705.0
MinimumVisualStudioVersion = 10.0.40219.1
Project("{FAE04EC0-301F-11D3-BF4B-00C04F79EFBC}") = "bst-construction", "bst-construction.csproj", "{77DA38A2-1687-4B46-94D7-BC10DCF9B27F}"
EndProject
Project("{FAE04EC0-301F-11D3-BF4B-00C04F79EFBC}") = "test", "..\test\test.csproj", "{530E9FE7-91F8-41C7-B080-BE8E3497B914}"
EndProject
Global
	GlobalSection(SolutionConfigurationPlatforms) = preSolution
		Debug|Any CPU = Debug|Any CPU
		Release|Any CPU = Release|Any CPU
	EndGlobalSection
	GlobalSection(ProjectConfigurationPlatforms) = postSolution
		{77DA38A2-1687-4B46-94D7-BC10DCF9B27F}.Debug|Any CPU.ActiveCfg = Debug|Any CPU
		{77DA38A2-1687-4B46-94D7-BC10DCF9B27F}.Debug|Any CPU.Build.0 = Debug|Any CPU
		{77DA38A2-1687-4B46-94D7-BC10DCF9B27F}.Release|Any CPU.ActiveCfg = Release|Any CPU
		{77DA38A2-1687-4B46-94D7-BC10DCF9B27F}.Release|Any CPU.Build.0 = Release|Any CPU
		{530E9FE7-91F8-41C7-B080-BE8E3497B914}.Debug|Any CPU.ActiveCfg = Debug|Any CPU
		{530E9FE7-91F8-41C7-B080-BE8E3497B914}.Debug|Any CPU.Build.0 = Debug|Any CPU
		{530E9FE7-91F8-41C7-B080-BE8E3497B914}.Release|Any CPU.ActiveCfg = Release|Any CPU
		{530E9FE7-91F8-41C7-B080-BE8E3497B914}.Release|Any CPU.Build.0 = Release|Any CPU
	EndGlobalSection
	GlobalSection(SolutionProperties) = preSolution
		HideSolutionNode = FALSE
	EndGlobalSection
	GlobalSection(ExtensibilityGlobals) = postSolution
		SolutionGuid = {909CD346-71C8-4EB7-9992-73433886B7BD}
	EndGlobalSection
EndGlobal
